
Microsoft Visual Studio Solution File, Format Version 12.00
# Visual Studio Version 17
VisualStudioVersion = 17.14.36414.22 d17.14
MinimumVisualStudioVersion = 10.0.40219.1
Project("{FAE04EC0-301F-11D3-BF4B-00C04F79EFBC}") = "Factory", "Factory.csproj", "{93D6C027-FFC1-4C9D-B46E-5BAF0F7C248F}"
EndProject
Global
	GlobalSection(SolutionConfigurationPlatforms) = preSolution
		Debug|Any CPU = Debug|Any CPU
		Release|Any CPU = Release|Any CPU
	EndGlobalSection
	GlobalSection(ProjectConfigurationPlatforms) = postSolution
		{93D6C027-FFC1-4C9D-B46E-5BAF0F7C248F}.Debug|Any CPU.ActiveCfg = Debug|Any CPU
		{93D6C027-FFC1-4C9D-B46E-5BAF0F7C248F}.Debug|Any CPU.Build.0 = Debug|Any CPU
		{93D6C027-FFC1-4C9D-B46E-5BAF0F7C248F}.Release|Any CPU.ActiveCfg = Release|Any CPU
		{93D6C027-FFC1-4C9D-B46E-5BAF0F7C248F}.Release|Any CPU.Build.0 = Release|Any CPU
	EndGlobalSection
	GlobalSection(SolutionProperties) = preSolution
		HideSolutionNode = FALSE
	EndGlobalSection
	GlobalSection(ExtensibilityGlobals) = postSolution
		SolutionGuid = {F64AC25B-7CEE-4C23-8729-80310C3770BC}
	EndGlobalSection
EndGlobal
